
Microsoft Visual Studio Solution File, Format Version 12.00
# Visual Studio Version 17
VisualStudioVersion = 17.3.32922.545
MinimumVisualStudioVersion = 10.0.40219.1
Project("{FAE04EC0-301F-11D3-BF4B-00C04F79EFBC}") = "CalculadoraWCFConsumoCSharp", "CalculadoraWCFConsumoCSharp\CalculadoraWCFConsumoCSharp.csproj", "{0E1FF140-B4B0-43B3-B8E9-4BC4739C830C}"
EndProject
Global
	GlobalSection(SolutionConfigurationPlatforms) = preSolution
		Debug|Any CPU = Debug|Any CPU
		Release|Any CPU = Release|Any CPU
	EndGlobalSection
	GlobalSection(ProjectConfigurationPlatforms) = postSolution
		{0E1FF140-B4B0-43B3-B8E9-4BC4739C830C}.Debug|Any CPU.ActiveCfg = Debug|Any CPU
		{0E1FF140-B4B0-43B3-B8E9-4BC4739C830C}.Debug|Any CPU.Build.0 = Debug|Any CPU
		{0E1FF140-B4B0-43B3-B8E9-4BC4739C830C}.Release|Any CPU.ActiveCfg = Release|Any CPU
		{0E1FF140-B4B0-43B3-B8E9-4BC4739C830C}.Release|Any CPU.Build.0 = Release|Any CPU
	EndGlobalSection
	GlobalSection(SolutionProperties) = preSolution
		HideSolutionNode = FALSE
	EndGlobalSection
	GlobalSection(ExtensibilityGlobals) = postSolution
		SolutionGuid = {B6143C7B-11B8-4B7F-8350-0FF263173B85}
	EndGlobalSection
EndGlobal
